<?xml version="1.0" encoding="utf-8"?>
<Project ToolsVersion="4.0" xmlns="http://schemas.microsoft.com/developer/msbuild/2003">
  <ItemGroup>
    <Filter Include="net">
      <UniqueIdentifier>{57797adc-8416-45b3-87ea-1d126a296bd9}</UniqueIdentifier>
    </Filter>
    <Filter Include="base">
      <UniqueIdentifier>{de5c05ff-14de-4929-a1b6-547be8103588}</UniqueIdentifier>
    </Filter>
  </ItemGroup>
  <ItemGroup>
    <ClCompile Include="EventLoop.cc">
      <Filter>net</Filter>
    </ClCompile>
    <ClCompile Include="Channel.cc">
      <Filter>net</Filter>
    </ClCompile>
    <ClCompile Include="Poller.cc">
      <Filter>net</Filter>
    </ClCompile>
    <ClCompile Include="main.cc" />
    <ClCompile Include="TimerQueue.cc">
      <Filter>base</Filter>
    </ClCompile>
    <ClCompile Include="Timer.cc">
      <Filter>base</Filter>
    </ClCompile>
    <ClCompile Include="EventLoopThread.cc">
      <Filter>net</Filter>
    </ClCompile>
    <ClCompile Include="InetAddress.cc">
      <Filter>net</Filter>
    </ClCompile>
    <ClCompile Include="SocketsOps.cc">
      <Filter>net</Filter>
    </ClCompile>
    <ClCompile Include="Socket.cc">
      <Filter>net</Filter>
    </ClCompile>
    <ClCompile Include="Acceptor.cc">
      <Filter>net</Filter>
    </ClCompile>
    <ClCompile Include="TcpServer.cc">
      <Filter>net</Filter>
    </ClCompile>
    <ClCompile Include="TcpConnection.cc">
      <Filter>net</Filter>
    </ClCompile>
  </ItemGroup>
  <ItemGroup>
    <None Include="EventLoop.h">
      <Filter>net</Filter>
    </None>
    <None Include="Channel.h">
      <Filter>net</Filter>
    </None>
    <None Include="Poller.h">
      <Filter>net</Filter>
    </None>
    <None Include="TimerQueue.h">
      <Filter>base</Filter>
    </None>
    <None Include="Timer.h">
      <Filter>base</Filter>
    </None>
    <None Include="TimerId.h">
      <Filter>base</Filter>
    </None>
    <None Include="InetAddress.h">
      <Filter>net</Filter>
    </None>
    <None Include="Acceptor.h">
      <Filter>net</Filter>
    </None>
    <None Include="SocketsOps.h">
      <Filter>net</Filter>
    </None>
    <None Include="Socket.h">
      <Filter>net</Filter>
    </None>
    <None Include="TcpServer.h">
      <Filter>net</Filter>
    </None>
    <None Include="EventLoopThread.h">
      <Filter>net</Filter>
    </None>
    <None Include="TcpConnection.h">
      <Filter>net</Filter>
    </None>
  </ItemGroup>
  <ItemGroup>
    <ClInclude Include="Callbacks.h">
      <Filter>base</Filter>
    </ClInclude>
  </ItemGroup>
</Project>