<?xml version="1.0" encoding="utf-8"?>
<Project ToolsVersion="4.0" xmlns="http://schemas.microsoft.com/developer/msbuild/2003">
  <ItemGroup>
    <ClCompile Include="main.cc" />
    <ClCompile Include="base\Timer.cc">
      <Filter>base</Filter>
    </ClCompile>
    <ClCompile Include="base\TimerQueue.cc">
      <Filter>base</Filter>
    </ClCompile>
    <ClCompile Include="net\Acceptor.cc">
      <Filter>net</Filter>
    </ClCompile>
    <ClCompile Include="net\Channel.cc">
      <Filter>net</Filter>
    </ClCompile>
    <ClCompile Include="net\EventLoop.cc">
      <Filter>net</Filter>
    </ClCompile>
    <ClCompile Include="net\EventLoopThread.cc">
      <Filter>net</Filter>
    </ClCompile>
    <ClCompile Include="net\InetAddress.cc">
      <Filter>net</Filter>
    </ClCompile>
    <ClCompile Include="net\Poller.cc">
      <Filter>net</Filter>
    </ClCompile>
    <ClCompile Include="net\Socket.cc">
      <Filter>net</Filter>
    </ClCompile>
    <ClCompile Include="net\SocketsOps.cc">
      <Filter>net</Filter>
    </ClCompile>
    <ClCompile Include="net\TcpConnection.cc">
      <Filter>net</Filter>
    </ClCompile>
    <ClCompile Include="net\TcpServer.cc">
      <Filter>net</Filter>
    </ClCompile>
    <ClCompile Include="net\Buffer.cc">
      <Filter>net</Filter>
    </ClCompile>
    <ClCompile Include="net\EventLoopThreadPool.cc">
      <Filter>net</Filter>
    </ClCompile>
  </ItemGroup>
  <ItemGroup>
    <Filter Include="base">
      <UniqueIdentifier>{91b96865-bc2d-412a-8a28-950f72169a28}</UniqueIdentifier>
    </Filter>
    <Filter Include="net">
      <UniqueIdentifier>{a3351607-4a27-4388-a392-a9c4f33cd391}</UniqueIdentifier>
    </Filter>
  </ItemGroup>
  <ItemGroup>
    <ClInclude Include="base\Timer.h">
      <Filter>base</Filter>
    </ClInclude>
    <ClInclude Include="base\TimerId.h">
      <Filter>base</Filter>
    </ClInclude>
    <ClInclude Include="base\TimerQueue.h">
      <Filter>base</Filter>
    </ClInclude>
    <ClInclude Include="net\Acceptor.h">
      <Filter>net</Filter>
    </ClInclude>
    <ClInclude Include="net\Channel.h">
      <Filter>net</Filter>
    </ClInclude>
    <ClInclude Include="net\EventLoop.h">
      <Filter>net</Filter>
    </ClInclude>
    <ClInclude Include="net\EventLoopThread.h">
      <Filter>net</Filter>
    </ClInclude>
    <ClInclude Include="net\InetAddress.h">
      <Filter>net</Filter>
    </ClInclude>
    <ClInclude Include="net\Poller.h">
      <Filter>net</Filter>
    </ClInclude>
    <ClInclude Include="net\Socket.h">
      <Filter>net</Filter>
    </ClInclude>
    <ClInclude Include="net\SocketsOps.h">
      <Filter>net</Filter>
    </ClInclude>
    <ClInclude Include="net\TcpConnection.h">
      <Filter>net</Filter>
    </ClInclude>
    <ClInclude Include="net\TcpServer.h">
      <Filter>net</Filter>
    </ClInclude>
    <ClInclude Include="base\Callbacks.h">
      <Filter>base</Filter>
    </ClInclude>
    <ClInclude Include="net\EventLoopThreadPool.h">
      <Filter>net</Filter>
    </ClInclude>
  </ItemGroup>
  <ItemGroup>
    <None Include="base\copyable.h">
      <Filter>base</Filter>
    </None>
    <None Include="net\Buffer.h">
      <Filter>net</Filter>
    </None>
  </ItemGroup>
</Project>